
Microsoft Visual Studio Solution File, Format Version 12.00
# Visual Studio Version 17
VisualStudioVersion = 17.5.33516.290
MinimumVisualStudioVersion = 10.0.40219.1
Project("{9A19103F-16F7-4668-BE54-9A1E7A4F7556}") = "MarketWeb_Server", "MarketWeb_Server\MarketWeb_Server.csproj", "{C43C5D5C-9DE2-463C-9974-6E55F16BF867}"
EndProject
Project("{9A19103F-16F7-4668-BE54-9A1E7A4F7556}") = "MarketWeb_Client", "MarketWeb_Client\MarketWeb_Client.csproj", "{404E811F-F419-456B-A0FE-8ECFF9FC462A}"
EndProject
Project("{9A19103F-16F7-4668-BE54-9A1E7A4F7556}") = "MarketWeb_Models", "MarketWeb_Models\MarketWeb_Models.csproj", "{5E35AFC8-B1A6-44EB-B4A7-5C857EF5E106}"
EndProject
Project("{9A19103F-16F7-4668-BE54-9A1E7A4F7556}") = "MarketWeb_Business", "MarketWeb_Business\MarketWeb_Business.csproj", "{CE5A994A-DC76-4F07-83D8-6CA6010BBEC5}"
EndProject
Project("{9A19103F-16F7-4668-BE54-9A1E7A4F7556}") = "MarketWeb_Common", "MarketWeb_Common\MarketWeb_Common.csproj", "{51E45D49-C803-43A5-AB7F-D3396C66DDB9}"
EndProject
Project("{9A19103F-16F7-4668-BE54-9A1E7A4F7556}") = "MarketWeb_DataAccess", "MarketWeb_DataAccess\MarketWeb_DataAccess.csproj", "{3B35D041-CB4C-4A99-BAC0-6F90567E685C}"
EndProject
Global
	GlobalSection(SolutionConfigurationPlatforms) = preSolution
		Debug|Any CPU = Debug|Any CPU
		Release|Any CPU = Release|Any CPU
	EndGlobalSection
	GlobalSection(ProjectConfigurationPlatforms) = postSolution
		{C43C5D5C-9DE2-463C-9974-6E55F16BF867}.Debug|Any CPU.ActiveCfg = Debug|Any CPU
		{C43C5D5C-9DE2-463C-9974-6E55F16BF867}.Debug|Any CPU.Build.0 = Debug|Any CPU
		{C43C5D5C-9DE2-463C-9974-6E55F16BF867}.Release|Any CPU.ActiveCfg = Release|Any CPU
		{C43C5D5C-9DE2-463C-9974-6E55F16BF867}.Release|Any CPU.Build.0 = Release|Any CPU
		{404E811F-F419-456B-A0FE-8ECFF9FC462A}.Debug|Any CPU.ActiveCfg = Debug|Any CPU
		{404E811F-F419-456B-A0FE-8ECFF9FC462A}.Debug|Any CPU.Build.0 = Debug|Any CPU
		{404E811F-F419-456B-A0FE-8ECFF9FC462A}.Release|Any CPU.ActiveCfg = Release|Any CPU
		{404E811F-F419-456B-A0FE-8ECFF9FC462A}.Release|Any CPU.Build.0 = Release|Any CPU
		{5E35AFC8-B1A6-44EB-B4A7-5C857EF5E106}.Debug|Any CPU.ActiveCfg = Debug|Any CPU
		{5E35AFC8-B1A6-44EB-B4A7-5C857EF5E106}.Debug|Any CPU.Build.0 = Debug|Any CPU
		{5E35AFC8-B1A6-44EB-B4A7-5C857EF5E106}.Release|Any CPU.ActiveCfg = Release|Any CPU
		{5E35AFC8-B1A6-44EB-B4A7-5C857EF5E106}.Release|Any CPU.Build.0 = Release|Any CPU
		{CE5A994A-DC76-4F07-83D8-6CA6010BBEC5}.Debug|Any CPU.ActiveCfg = Debug|Any CPU
		{CE5A994A-DC76-4F07-83D8-6CA6010BBEC5}.Debug|Any CPU.Build.0 = Debug|Any CPU
		{CE5A994A-DC76-4F07-83D8-6CA6010BBEC5}.Release|Any CPU.ActiveCfg = Release|Any CPU
		{CE5A994A-DC76-4F07-83D8-6CA6010BBEC5}.Release|Any CPU.Build.0 = Release|Any CPU
		{51E45D49-C803-43A5-AB7F-D3396C66DDB9}.Debug|Any CPU.ActiveCfg = Debug|Any CPU
		{51E45D49-C803-43A5-AB7F-D3396C66DDB9}.Debug|Any CPU.Build.0 = Debug|Any CPU
		{51E45D49-C803-43A5-AB7F-D3396C66DDB9}.Release|Any CPU.ActiveCfg = Release|Any CPU
		{51E45D49-C803-43A5-AB7F-D3396C66DDB9}.Release|Any CPU.Build.0 = Release|Any CPU
		{3B35D041-CB4C-4A99-BAC0-6F90567E685C}.Debug|Any CPU.ActiveCfg = Debug|Any CPU
		{3B35D041-CB4C-4A99-BAC0-6F90567E685C}.Debug|Any CPU.Build.0 = Debug|Any CPU
		{3B35D041-CB4C-4A99-BAC0-6F90567E685C}.Release|Any CPU.ActiveCfg = Release|Any CPU
		{3B35D041-CB4C-4A99-BAC0-6F90567E685C}.Release|Any CPU.Build.0 = Release|Any CPU
	EndGlobalSection
	GlobalSection(SolutionProperties) = preSolution
		HideSolutionNode = FALSE
	EndGlobalSection
	GlobalSection(ExtensibilityGlobals) = postSolution
		SolutionGuid = {94C165B4-0B3B-433D-91B0-0F99E38DF027}
	EndGlobalSection
EndGlobal
